
Microsoft Visual Studio Solution File, Format Version 12.00
# Visual Studio Version 17
VisualStudioVersion = 17.12.35527.113
MinimumVisualStudioVersion = 10.0.40219.1
Project("{FAE04EC0-301F-11D3-BF4B-00C04F79EFBC}") = "BlazorMvvm.Core", "Core\BlazorMvvm.Core\BlazorMvvm.Core.csproj", "{10C05181-534D-46EF-8413-52B4F044FD8A}"
EndProject
Project("{FAE04EC0-301F-11D3-BF4B-00C04F79EFBC}") = "BlazorMvvm.Demo", "Demo\BlazorMvvm.Demo\BlazorMvvm.Demo.csproj", "{B9C3610E-26AA-4A4D-B3E4-6944F11A3B67}"
EndProject
Project("{2150E333-8FDC-42A3-9474-1A3956D46DE8}") = "Solution elements", "Solution elements", "{25DABA29-C262-484D-B5D3-F14472FD8161}"
	ProjectSection(SolutionItems) = preProject
		.gitignore = .gitignore
		CHANGELOG.md = CHANGELOG.md
		LICENSE = LICENSE
		README.md = README.md
	EndProjectSection
EndProject
Global
	GlobalSection(SolutionConfigurationPlatforms) = preSolution
		Debug|Any CPU = Debug|Any CPU
		Release|Any CPU = Release|Any CPU
	EndGlobalSection
	GlobalSection(ProjectConfigurationPlatforms) = postSolution
		{10C05181-534D-46EF-8413-52B4F044FD8A}.Debug|Any CPU.ActiveCfg = Debug|Any CPU
		{10C05181-534D-46EF-8413-52B4F044FD8A}.Debug|Any CPU.Build.0 = Debug|Any CPU
		{10C05181-534D-46EF-8413-52B4F044FD8A}.Release|Any CPU.ActiveCfg = Release|Any CPU
		{10C05181-534D-46EF-8413-52B4F044FD8A}.Release|Any CPU.Build.0 = Release|Any CPU
		{B9C3610E-26AA-4A4D-B3E4-6944F11A3B67}.Debug|Any CPU.ActiveCfg = Debug|Any CPU
		{B9C3610E-26AA-4A4D-B3E4-6944F11A3B67}.Debug|Any CPU.Build.0 = Debug|Any CPU
		{B9C3610E-26AA-4A4D-B3E4-6944F11A3B67}.Release|Any CPU.ActiveCfg = Release|Any CPU
		{B9C3610E-26AA-4A4D-B3E4-6944F11A3B67}.Release|Any CPU.Build.0 = Release|Any CPU
	EndGlobalSection
	GlobalSection(SolutionProperties) = preSolution
		HideSolutionNode = FALSE
	EndGlobalSection
EndGlobal
